{
  "name": "extract-mongo-schema",
  "version": "0.2.5",
  "lockfileVersion": 1,
  "requires": true,
  "dependencies": {
    "command-line-args": {
      "version": "3.0.5",
      "resolved": "http://registry.npmjs.org/command-line-args/-/command-line-args-3.0.5.tgz",
      "integrity": "sha1-W9StReeYPlwTRJGOQCgO4mk8WsA=",
      "requires": {
        "array-back": "1.0.4",
        "feature-detect-es6": "1.3.1",
        "find-replace": "1.0.3",
        "typical": "2.6.1"
      },
      "dependencies": {
        "array-back": {
          "version": "1.0.4",
          "resolved": "http://registry.npmjs.org/array-back/-/array-back-1.0.4.tgz",
          "integrity": "sha1-ZEun8JX3/898Q7Xw3DnTwfA8Bjs=",
          "requires": {
            "typical": "2.6.1"
          }
        },
        "feature-detect-es6": {
          "version": "1.3.1",
          "resolved": "http://registry.npmjs.org/feature-detect-es6/-/feature-detect-es6-1.3.1.tgz",
          "integrity": "sha1-+IhzavnLDJH1VmO/pHYuuW7nBH8=",
          "requires": {
            "array-back": "1.0.4"
          }
        },
        "find-replace": {
          "version": "1.0.3",
          "resolved": "http://registry.npmjs.org/find-replace/-/find-replace-1.0.3.tgz",
          "integrity": "sha1-uI5zZNLZyVlVnziMZmcNYTBEH6A=",
          "requires": {
            "array-back": "1.0.4",
            "test-value": "2.1.0"
          },
          "dependencies": {
            "test-value": {
              "version": "2.1.0",
              "resolved": "http://registry.npmjs.org/test-value/-/test-value-2.1.0.tgz",
              "integrity": "sha1-Edpv9nDzRxpztiXKTz/c97t0gpE=",
              "requires": {
                "array-back": "1.0.4",
                "typical": "2.6.1"
              }
            }
          }
        },
        "typical": {
          "version": "2.6.1",
          "resolved": "http://registry.npmjs.org/typical/-/typical-2.6.1.tgz",
          "integrity": "sha1-XAgOXWYcu+OCWdLnCjxyU+hziB0="
        }
      }
    },
    "fs": {
      "version": "0.0.1-security",
      "resolved": "http://registry.npmjs.org/fs/-/fs-0.0.1-security.tgz",
      "integrity": "sha1-invTcYa23d84E/I4WLV+yq9eQdQ="
    },
    "mongodb": {
      "version": "2.2.33",
      "resolved": "http://registry.npmjs.org/mongodb/-/mongodb-2.2.33.tgz",
      "integrity": "sha1-tTfEcdNKZlG0jzb9vyl1A0Dgi1A=",
      "requires": {
        "es6-promise": "3.2.1",
        "mongodb-core": "2.1.17",
        "readable-stream": "2.2.7"
      },
      "dependencies": {
        "es6-promise": {
          "version": "3.2.1",
          "resolved": "http://registry.npmjs.org/es6-promise/-/es6-promise-3.2.1.tgz",
          "integrity": "sha1-7FYjOGgDKQkgcXDDlEjiREndH8Q="
        },
        "mongodb-core": {
          "version": "2.1.17",
          "resolved": "http://registry.npmjs.org/mongodb-core/-/mongodb-core-2.1.17.tgz",
          "integrity": "sha1-pBizN6FKFJkPtRC5I97mqBMXPfg=",
          "requires": {
            "bson": "1.0.4",
            "require_optional": "1.0.1"
          },
          "dependencies": {
            "bson": {
              "version": "1.0.4",
              "resolved": "http://registry.npmjs.org/bson/-/bson-1.0.4.tgz",
              "integrity": "sha1-k8ENOeqltYQVy8QFLz5T5WKwtyw="
            },
            "require_optional": {
              "version": "1.0.1",
              "resolved": "http://registry.npmjs.org/require_optional/-/require_optional-1.0.1.tgz",
              "integrity": "sha1-TPNaQkf2TKPfjC7yCMxJSxyo/C4=",
              "requires": {
                "resolve-from": "2.0.0",
                "semver": "5.4.1"
              },
              "dependencies": {
                "resolve-from": {
                  "version": "2.0.0",
                  "resolved": "http://registry.npmjs.org/resolve-from/-/resolve-from-2.0.0.tgz",
                  "integrity": "sha1-lICrIOlP+h2egKgEx+oUdhGWa1c="
                },
                "semver": {
                  "version": "5.4.1",
                  "resolved": "http://registry.npmjs.org/semver/-/semver-5.4.1.tgz",
                  "integrity": "sha1-4FnAnYVx8FQII3M0M1BdOi8AsY4="
                }
              }
            }
          }
        },
        "readable-stream": {
          "version": "2.2.7",
          "resolved": "http://registry.npmjs.org/readable-stream/-/readable-stream-2.2.7.tgz",
          "integrity": "sha1-BwV6y+JGeyIELTb5jFrVBwVOlbE=",
          "requires": {
            "buffer-shims": "1.0.0",
            "core-util-is": "1.0.2",
            "inherits": "2.0.3",
            "isarray": "1.0.0",
            "process-nextick-args": "1.0.7",
            "string_decoder": "1.0.3",
            "util-deprecate": "1.0.2"
          },
          "dependencies": {
            "buffer-shims": {
              "version": "1.0.0",
              "resolved": "https://registry.npmjs.org/buffer-shims/-/buffer-shims-1.0.0.tgz",
              "integrity": "sha1-mXjOMXOIxkmth5MCjDR37wRKi1E="
            },
            "core-util-is": {
              "version": "1.0.2",
              "resolved": "https://registry.npmjs.org/core-util-is/-/core-util-is-1.0.2.tgz",
              "integrity": "sha1-tf1UIgqivFq1eqtxQMlAdUUDwac="
            },
            "inherits": {
              "version": "2.0.3",
              "resolved": "http://registry.npmjs.org/inherits/-/inherits-2.0.3.tgz",
              "integrity": "sha1-Yzwsg+PaQqUC9SRmAiSA9CCCYd4="
            },
            "isarray": {
              "version": "1.0.0",
              "resolved": "https://registry.npmjs.org/isarray/-/isarray-1.0.0.tgz",
              "integrity": "sha1-u5NdSFgsuhaMBoNJV6VKPgcSTxE="
            },
            "process-nextick-args": {
              "version": "1.0.7",
              "resolved": "https://registry.npmjs.org/process-nextick-args/-/process-nextick-args-1.0.7.tgz",
              "integrity": "sha1-FQ4gt1ZZCtP5EJPyWk8q2L/zC6M="
            },
            "string_decoder": {
              "version": "1.0.3",
              "resolved": "http://registry.npmjs.org/string_decoder/-/string_decoder-1.0.3.tgz",
              "integrity": "sha1-D8Z9fBQYJd6UKC3VNr7GubzoYKs=",
              "requires": {
                "safe-buffer": "5.1.1"
              },
              "dependencies": {
                "safe-buffer": {
                  "version": "5.1.1",
                  "resolved": "http://registry.npmjs.org/safe-buffer/-/safe-buffer-5.1.1.tgz",
                  "integrity": "sha1-iTMSr2myEj3vcfV4iQAWce6yyFM="
                }
              }
            },
            "util-deprecate": {
              "version": "1.0.2",
              "resolved": "https://registry.npmjs.org/util-deprecate/-/util-deprecate-1.0.2.tgz",
              "integrity": "sha1-RQ1Nyfpw3nMnYvvS1KKJgUGaDM8="
            }
          }
        }
      }
    },
    "path": {
      "version": "0.12.7",
      "resolved": "http://registry.npmjs.org/path/-/path-0.12.7.tgz",
      "integrity": "sha1-1NwqUGxM4hl+tIHr/NWzbAFAsQ8=",
      "requires": {
        "process": "0.11.10",
        "util": "0.10.3"
      },
      "dependencies": {
        "process": {
          "version": "0.11.10",
          "resolved": "http://registry.npmjs.org/process/-/process-0.11.10.tgz",
          "integrity": "sha1-czIwDoQBYb2j5podHZGn1LwW8YI="
        },
        "util": {
          "version": "0.10.3",
          "resolved": "https://registry.npmjs.org/util/-/util-0.10.3.tgz",
          "integrity": "sha1-evsa/lCAUkZInj23/g7TeTNqwPk=",
          "requires": {
            "inherits": "2.0.1"
          },
          "dependencies": {
            "inherits": {
              "version": "2.0.1",
              "resolved": "http://registry.npmjs.org/inherits/-/inherits-2.0.1.tgz",
              "integrity": "sha1-sX0I0ya0Qj5Wjv9xn5GwscvfafE="
            }
          }
        }
      }
    },
    "replace-ext": {
      "version": "1.0.0",
      "resolved": "http://registry.npmjs.org/replace-ext/-/replace-ext-1.0.0.tgz",
      "integrity": "sha1-3mMSg3P8v3w8z6TeWkgMRaZ5WOs="
    },
    "wait.for": {
      "version": "0.6.6",
      "resolved": "http://registry.npmjs.org/wait.for/-/wait.for-0.6.6.tgz",
      "integrity": "sha1-DMkHnOBoCoBUXi7Ju3ppOhbgdQQ=",
      "requires": {
        "fibers": "2.0.0"
      },
      "dependencies": {
        "fibers": {
          "version": "2.0.0",
          "resolved": "http://registry.npmjs.org/fibers/-/fibers-2.0.0.tgz",
          "integrity": "sha1-8m0Krx+ZmV++HLPzQO+sCL2p3Es="
        }
      }
    }
  }
}
